
Microsoft Visual Studio Solution File, Format Version 12.00
# Visual Studio Version 17
VisualStudioVersion = 17.14.36429.23
MinimumVisualStudioVersion = 10.0.40219.1
Project("{FAE04EC0-301F-11D3-BF4B-00C04F79EFBC}") = "TehWardy.AI", "TehWardy.AI\TehWardy.AI.csproj", "{E55AC2E8-9C25-4943-89C6-1DE440FAAE33}"
EndProject
Project("{FAE04EC0-301F-11D3-BF4B-00C04F79EFBC}") = "TehWardy.AI.Providers", "TehWardy.AI.Providers\TehWardy.AI.Providers.csproj", "{ACAB5B39-6C49-4E1E-AD8B-4D1C299FA671}"
EndProject
Project("{FAE04EC0-301F-11D3-BF4B-00C04F79EFBC}") = "TehWardy.AI.Providers.Ollama", "TehWardy.AI.Providers.Ollama\TehWardy.AI.Providers.Ollama.csproj", "{2450A0AC-8E44-C255-644A-DBFB0F2C33F6}"
EndProject
Project("{2150E333-8FDC-42A3-9474-1A3956D46DE8}") = "Providers", "Providers", "{02EA681E-C7D8-13C7-8484-4AC65E1B71E8}"
EndProject
Project("{FAE04EC0-301F-11D3-BF4B-00C04F79EFBC}") = "TehWardy.AI.DemoConsole", "TehWardy.AI.DemoConsole\TehWardy.AI.DemoConsole.csproj", "{F008D77A-13DC-47D4-A8B9-73A2A91DD847}"
EndProject
Project("{2150E333-8FDC-42A3-9474-1A3956D46DE8}") = "Tools", "Tools", "{D5533F68-1E5E-426C-AFAF-FB838162DA8E}"
EndProject
Project("{FAE04EC0-301F-11D3-BF4B-00C04F79EFBC}") = "TehWardy.AI.Tools", "TehWardy.AI.Tools\TehWardy.AI.Tools.csproj", "{3616F416-908E-4BFF-A25B-50075CC3EFD0}"
EndProject
Project("{FAE04EC0-301F-11D3-BF4B-00C04F79EFBC}") = "TehWardy.AI.Providers.System", "TehWardy.AI.Providers.System\TehWardy.AI.Providers.System.csproj", "{4BEDF623-52A7-48D0-8406-D0E93576953A}"
EndProject
Project("{FAE04EC0-301F-11D3-BF4B-00C04F79EFBC}") = "TehWardy.AI.Runbooks", "TehWardy.AI.Runbooks\TehWardy.AI.Runbooks.csproj", "{9B2E907E-61AF-4DEA-9031-324A53E947DA}"
EndProject
Project("{2150E333-8FDC-42A3-9474-1A3956D46DE8}") = "Framework", "Framework", "{AFA470DB-119E-4A54-80F5-84336BD610AA}"
EndProject
Project("{FAE04EC0-301F-11D3-BF4B-00C04F79EFBC}") = "TehWardy.AI.API", "TehWardy.AI.API\TehWardy.AI.API.csproj", "{6C59A009-C74D-4FF0-BC4D-122A1F4D5C31}"
EndProject
Project("{FAE04EC0-301F-11D3-BF4B-00C04F79EFBC}") = "TehWardy.AI.WebUI", "TehWardy.AI.WebUI\TehWardy.AI.WebUI.csproj", "{A30B9091-A3A8-4CF7-8D4A-17AAB97646F0}"
EndProject
Project("{2150E333-8FDC-42A3-9474-1A3956D46DE8}") = "Apps", "Apps", "{72A188AD-F8EC-474B-B376-2F71483E71A7}"
EndProject
Global
	GlobalSection(SolutionConfigurationPlatforms) = preSolution
		Debug|Any CPU = Debug|Any CPU
		Release|Any CPU = Release|Any CPU
	EndGlobalSection
	GlobalSection(ProjectConfigurationPlatforms) = postSolution
		{E55AC2E8-9C25-4943-89C6-1DE440FAAE33}.Debug|Any CPU.ActiveCfg = Debug|Any CPU
		{E55AC2E8-9C25-4943-89C6-1DE440FAAE33}.Debug|Any CPU.Build.0 = Debug|Any CPU
		{E55AC2E8-9C25-4943-89C6-1DE440FAAE33}.Release|Any CPU.ActiveCfg = Release|Any CPU
		{E55AC2E8-9C25-4943-89C6-1DE440FAAE33}.Release|Any CPU.Build.0 = Release|Any CPU
		{ACAB5B39-6C49-4E1E-AD8B-4D1C299FA671}.Debug|Any CPU.ActiveCfg = Debug|Any CPU
		{ACAB5B39-6C49-4E1E-AD8B-4D1C299FA671}.Debug|Any CPU.Build.0 = Debug|Any CPU
		{ACAB5B39-6C49-4E1E-AD8B-4D1C299FA671}.Release|Any CPU.ActiveCfg = Release|Any CPU
		{ACAB5B39-6C49-4E1E-AD8B-4D1C299FA671}.Release|Any CPU.Build.0 = Release|Any CPU
		{2450A0AC-8E44-C255-644A-DBFB0F2C33F6}.Debug|Any CPU.ActiveCfg = Debug|Any CPU
		{2450A0AC-8E44-C255-644A-DBFB0F2C33F6}.Debug|Any CPU.Build.0 = Debug|Any CPU
		{2450A0AC-8E44-C255-644A-DBFB0F2C33F6}.Release|Any CPU.ActiveCfg = Release|Any CPU
		{2450A0AC-8E44-C255-644A-DBFB0F2C33F6}.Release|Any CPU.Build.0 = Release|Any CPU
		{F008D77A-13DC-47D4-A8B9-73A2A91DD847}.Debug|Any CPU.ActiveCfg = Debug|Any CPU
		{F008D77A-13DC-47D4-A8B9-73A2A91DD847}.Debug|Any CPU.Build.0 = Debug|Any CPU
		{F008D77A-13DC-47D4-A8B9-73A2A91DD847}.Release|Any CPU.ActiveCfg = Release|Any CPU
		{F008D77A-13DC-47D4-A8B9-73A2A91DD847}.Release|Any CPU.Build.0 = Release|Any CPU
		{3616F416-908E-4BFF-A25B-50075CC3EFD0}.Debug|Any CPU.ActiveCfg = Debug|Any CPU
		{3616F416-908E-4BFF-A25B-50075CC3EFD0}.Debug|Any CPU.Build.0 = Debug|Any CPU
		{3616F416-908E-4BFF-A25B-50075CC3EFD0}.Release|Any CPU.ActiveCfg = Release|Any CPU
		{3616F416-908E-4BFF-A25B-50075CC3EFD0}.Release|Any CPU.Build.0 = Release|Any CPU
		{4BEDF623-52A7-48D0-8406-D0E93576953A}.Debug|Any CPU.ActiveCfg = Debug|Any CPU
		{4BEDF623-52A7-48D0-8406-D0E93576953A}.Debug|Any CPU.Build.0 = Debug|Any CPU
		{4BEDF623-52A7-48D0-8406-D0E93576953A}.Release|Any CPU.ActiveCfg = Release|Any CPU
		{4BEDF623-52A7-48D0-8406-D0E93576953A}.Release|Any CPU.Build.0 = Release|Any CPU
		{9B2E907E-61AF-4DEA-9031-324A53E947DA}.Debug|Any CPU.ActiveCfg = Debug|Any CPU
		{9B2E907E-61AF-4DEA-9031-324A53E947DA}.Debug|Any CPU.Build.0 = Debug|Any CPU
		{9B2E907E-61AF-4DEA-9031-324A53E947DA}.Release|Any CPU.ActiveCfg = Release|Any CPU
		{9B2E907E-61AF-4DEA-9031-324A53E947DA}.Release|Any CPU.Build.0 = Release|Any CPU
		{6C59A009-C74D-4FF0-BC4D-122A1F4D5C31}.Debug|Any CPU.ActiveCfg = Debug|Any CPU
		{6C59A009-C74D-4FF0-BC4D-122A1F4D5C31}.Debug|Any CPU.Build.0 = Debug|Any CPU
		{6C59A009-C74D-4FF0-BC4D-122A1F4D5C31}.Release|Any CPU.ActiveCfg = Release|Any CPU
		{6C59A009-C74D-4FF0-BC4D-122A1F4D5C31}.Release|Any CPU.Build.0 = Release|Any CPU
		{A30B9091-A3A8-4CF7-8D4A-17AAB97646F0}.Debug|Any CPU.ActiveCfg = Debug|Any CPU
		{A30B9091-A3A8-4CF7-8D4A-17AAB97646F0}.Debug|Any CPU.Build.0 = Debug|Any CPU
		{A30B9091-A3A8-4CF7-8D4A-17AAB97646F0}.Release|Any CPU.ActiveCfg = Release|Any CPU
		{A30B9091-A3A8-4CF7-8D4A-17AAB97646F0}.Release|Any CPU.Build.0 = Release|Any CPU
	EndGlobalSection
	GlobalSection(SolutionProperties) = preSolution
		HideSolutionNode = FALSE
	EndGlobalSection
	GlobalSection(NestedProjects) = preSolution
		{E55AC2E8-9C25-4943-89C6-1DE440FAAE33} = {AFA470DB-119E-4A54-80F5-84336BD610AA}
		{ACAB5B39-6C49-4E1E-AD8B-4D1C299FA671} = {02EA681E-C7D8-13C7-8484-4AC65E1B71E8}
		{2450A0AC-8E44-C255-644A-DBFB0F2C33F6} = {02EA681E-C7D8-13C7-8484-4AC65E1B71E8}
		{02EA681E-C7D8-13C7-8484-4AC65E1B71E8} = {AFA470DB-119E-4A54-80F5-84336BD610AA}
		{F008D77A-13DC-47D4-A8B9-73A2A91DD847} = {72A188AD-F8EC-474B-B376-2F71483E71A7}
		{D5533F68-1E5E-426C-AFAF-FB838162DA8E} = {AFA470DB-119E-4A54-80F5-84336BD610AA}
		{3616F416-908E-4BFF-A25B-50075CC3EFD0} = {D5533F68-1E5E-426C-AFAF-FB838162DA8E}
		{4BEDF623-52A7-48D0-8406-D0E93576953A} = {02EA681E-C7D8-13C7-8484-4AC65E1B71E8}
		{9B2E907E-61AF-4DEA-9031-324A53E947DA} = {AFA470DB-119E-4A54-80F5-84336BD610AA}
		{6C59A009-C74D-4FF0-BC4D-122A1F4D5C31} = {72A188AD-F8EC-474B-B376-2F71483E71A7}
		{A30B9091-A3A8-4CF7-8D4A-17AAB97646F0} = {72A188AD-F8EC-474B-B376-2F71483E71A7}
	EndGlobalSection
	GlobalSection(ExtensibilityGlobals) = postSolution
		SolutionGuid = {C1286072-C251-4475-B675-C242B8CDB5AB}
	EndGlobalSection
EndGlobal
